
Microsoft Visual Studio Solution File, Format Version 12.00
# Visual Studio Version 17
VisualStudioVersion = 17.4.33213.308
MinimumVisualStudioVersion = 10.0.40219.1
Project("{FAE04EC0-301F-11D3-BF4B-00C04F79EFBC}") = "CW_4_1", "CW_4_1\CW_4_1.csproj", "{DB3CC362-100B-436B-91A2-8981230654C3}"
EndProject
Global
	GlobalSection(SolutionConfigurationPlatforms) = preSolution
		Debug|Any CPU = Debug|Any CPU
		Release|Any CPU = Release|Any CPU
	EndGlobalSection
	GlobalSection(ProjectConfigurationPlatforms) = postSolution
		{DB3CC362-100B-436B-91A2-8981230654C3}.Debug|Any CPU.ActiveCfg = Debug|Any CPU
		{DB3CC362-100B-436B-91A2-8981230654C3}.Debug|Any CPU.Build.0 = Debug|Any CPU
		{DB3CC362-100B-436B-91A2-8981230654C3}.Release|Any CPU.ActiveCfg = Release|Any CPU
		{DB3CC362-100B-436B-91A2-8981230654C3}.Release|Any CPU.Build.0 = Release|Any CPU
	EndGlobalSection
	GlobalSection(SolutionProperties) = preSolution
		HideSolutionNode = FALSE
	EndGlobalSection
	GlobalSection(ExtensibilityGlobals) = postSolution
		SolutionGuid = {CDA86BC1-390B-417F-BED0-3D6697487047}
	EndGlobalSection
EndGlobal
